
Microsoft Visual Studio Solution File, Format Version 12.00
# Visual Studio 14
VisualStudioVersion = 14.0.25420.1
MinimumVisualStudioVersion = 10.0.40219.1
Project("{FAE04EC0-301F-11D3-BF4B-00C04F79EFBC}") = "xfvnparallax", "xfvnparallax\xfvnparallax\xfvnparallax.csproj", "{6222A95D-4151-4512-9007-88932658CE2C}"
EndProject
Project("{FAE04EC0-301F-11D3-BF4B-00C04F79EFBC}") = "xfvnparallax.Droid", "xfvnparallax\xfvnparallax.Droid\xfvnparallax.Droid.csproj", "{D854B67F-2A69-4B89-A003-88DDE165F507}"
EndProject
Project("{FAE04EC0-301F-11D3-BF4B-00C04F79EFBC}") = "xfvnparallax.iOS", "xfvnparallax\xfvnparallax.iOS\xfvnparallax.iOS.csproj", "{53AA66ED-8873-44AE-A54A-C00269F95BF1}"
EndProject
Global
	GlobalSection(SolutionConfigurationPlatforms) = preSolution
		Ad-Hoc|Any CPU = Ad-Hoc|Any CPU
		Ad-Hoc|iPhone = Ad-Hoc|iPhone
		Ad-Hoc|iPhoneSimulator = Ad-Hoc|iPhoneSimulator
		AppStore|Any CPU = AppStore|Any CPU
		AppStore|iPhone = AppStore|iPhone
		AppStore|iPhoneSimulator = AppStore|iPhoneSimulator
		Debug|Any CPU = Debug|Any CPU
		Debug|iPhone = Debug|iPhone
		Debug|iPhoneSimulator = Debug|iPhoneSimulator
		Release|Any CPU = Release|Any CPU
		Release|iPhone = Release|iPhone
		Release|iPhoneSimulator = Release|iPhoneSimulator
	EndGlobalSection
	GlobalSection(ProjectConfigurationPlatforms) = postSolution
		{6222A95D-4151-4512-9007-88932658CE2C}.Ad-Hoc|Any CPU.ActiveCfg = Release|Any CPU
		{6222A95D-4151-4512-9007-88932658CE2C}.Ad-Hoc|Any CPU.Build.0 = Release|Any CPU
		{6222A95D-4151-4512-9007-88932658CE2C}.Ad-Hoc|iPhone.ActiveCfg = Release|Any CPU
		{6222A95D-4151-4512-9007-88932658CE2C}.Ad-Hoc|iPhone.Build.0 = Release|Any CPU
		{6222A95D-4151-4512-9007-88932658CE2C}.Ad-Hoc|iPhoneSimulator.ActiveCfg = Release|Any CPU
		{6222A95D-4151-4512-9007-88932658CE2C}.Ad-Hoc|iPhoneSimulator.Build.0 = Release|Any CPU
		{6222A95D-4151-4512-9007-88932658CE2C}.AppStore|Any CPU.ActiveCfg = Release|Any CPU
		{6222A95D-4151-4512-9007-88932658CE2C}.AppStore|Any CPU.Build.0 = Release|Any CPU
		{6222A95D-4151-4512-9007-88932658CE2C}.AppStore|iPhone.ActiveCfg = Release|Any CPU
		{6222A95D-4151-4512-9007-88932658CE2C}.AppStore|iPhone.Build.0 = Release|Any CPU
		{6222A95D-4151-4512-9007-88932658CE2C}.AppStore|iPhoneSimulator.ActiveCfg = Release|Any CPU
		{6222A95D-4151-4512-9007-88932658CE2C}.AppStore|iPhoneSimulator.Build.0 = Release|Any CPU
		{6222A95D-4151-4512-9007-88932658CE2C}.Debug|Any CPU.ActiveCfg = Debug|Any CPU
		{6222A95D-4151-4512-9007-88932658CE2C}.Debug|Any CPU.Build.0 = Debug|Any CPU
		{6222A95D-4151-4512-9007-88932658CE2C}.Debug|iPhone.ActiveCfg = Debug|Any CPU
		{6222A95D-4151-4512-9007-88932658CE2C}.Debug|iPhone.Build.0 = Debug|Any CPU
		{6222A95D-4151-4512-9007-88932658CE2C}.Debug|iPhoneSimulator.ActiveCfg = Debug|Any CPU
		{6222A95D-4151-4512-9007-88932658CE2C}.Debug|iPhoneSimulator.Build.0 = Debug|Any CPU
		{6222A95D-4151-4512-9007-88932658CE2C}.Release|Any CPU.ActiveCfg = Release|Any CPU
		{6222A95D-4151-4512-9007-88932658CE2C}.Release|Any CPU.Build.0 = Release|Any CPU
		{6222A95D-4151-4512-9007-88932658CE2C}.Release|iPhone.ActiveCfg = Release|Any CPU
		{6222A95D-4151-4512-9007-88932658CE2C}.Release|iPhone.Build.0 = Release|Any CPU
		{6222A95D-4151-4512-9007-88932658CE2C}.Release|iPhoneSimulator.ActiveCfg = Release|Any CPU
		{6222A95D-4151-4512-9007-88932658CE2C}.Release|iPhoneSimulator.Build.0 = Release|Any CPU
		{D854B67F-2A69-4B89-A003-88DDE165F507}.Ad-Hoc|Any CPU.ActiveCfg = Release|Any CPU
		{D854B67F-2A69-4B89-A003-88DDE165F507}.Ad-Hoc|Any CPU.Build.0 = Release|Any CPU
		{D854B67F-2A69-4B89-A003-88DDE165F507}.Ad-Hoc|Any CPU.Deploy.0 = Release|Any CPU
		{D854B67F-2A69-4B89-A003-88DDE165F507}.Ad-Hoc|iPhone.ActiveCfg = Release|Any CPU
		{D854B67F-2A69-4B89-A003-88DDE165F507}.Ad-Hoc|iPhone.Build.0 = Release|Any CPU
		{D854B67F-2A69-4B89-A003-88DDE165F507}.Ad-Hoc|iPhone.Deploy.0 = Release|Any CPU
		{D854B67F-2A69-4B89-A003-88DDE165F507}.Ad-Hoc|iPhoneSimulator.ActiveCfg = Release|Any CPU
		{D854B67F-2A69-4B89-A003-88DDE165F507}.Ad-Hoc|iPhoneSimulator.Build.0 = Release|Any CPU
		{D854B67F-2A69-4B89-A003-88DDE165F507}.Ad-Hoc|iPhoneSimulator.Deploy.0 = Release|Any CPU
		{D854B67F-2A69-4B89-A003-88DDE165F507}.AppStore|Any CPU.ActiveCfg = Release|Any CPU
		{D854B67F-2A69-4B89-A003-88DDE165F507}.AppStore|Any CPU.Build.0 = Release|Any CPU
		{D854B67F-2A69-4B89-A003-88DDE165F507}.AppStore|Any CPU.Deploy.0 = Release|Any CPU
		{D854B67F-2A69-4B89-A003-88DDE165F507}.AppStore|iPhone.ActiveCfg = Release|Any CPU
		{D854B67F-2A69-4B89-A003-88DDE165F507}.AppStore|iPhone.Build.0 = Release|Any CPU
		{D854B67F-2A69-4B89-A003-88DDE165F507}.AppStore|iPhone.Deploy.0 = Release|Any CPU
		{D854B67F-2A69-4B89-A003-88DDE165F507}.AppStore|iPhoneSimulator.ActiveCfg = Release|Any CPU
		{D854B67F-2A69-4B89-A003-88DDE165F507}.AppStore|iPhoneSimulator.Build.0 = Release|Any CPU
		{D854B67F-2A69-4B89-A003-88DDE165F507}.AppStore|iPhoneSimulator.Deploy.0 = Release|Any CPU
		{D854B67F-2A69-4B89-A003-88DDE165F507}.Debug|Any CPU.ActiveCfg = Debug|Any CPU
		{D854B67F-2A69-4B89-A003-88DDE165F507}.Debug|Any CPU.Build.0 = Debug|Any CPU
		{D854B67F-2A69-4B89-A003-88DDE165F507}.Debug|Any CPU.Deploy.0 = Debug|Any CPU
		{D854B67F-2A69-4B89-A003-88DDE165F507}.Debug|iPhone.ActiveCfg = Debug|Any CPU
		{D854B67F-2A69-4B89-A003-88DDE165F507}.Debug|iPhone.Build.0 = Debug|Any CPU
		{D854B67F-2A69-4B89-A003-88DDE165F507}.Debug|iPhone.Deploy.0 = Debug|Any CPU
		{D854B67F-2A69-4B89-A003-88DDE165F507}.Debug|iPhoneSimulator.ActiveCfg = Debug|Any CPU
		{D854B67F-2A69-4B89-A003-88DDE165F507}.Debug|iPhoneSimulator.Build.0 = Debug|Any CPU
		{D854B67F-2A69-4B89-A003-88DDE165F507}.Debug|iPhoneSimulator.Deploy.0 = Debug|Any CPU
		{D854B67F-2A69-4B89-A003-88DDE165F507}.Release|Any CPU.ActiveCfg = Release|Any CPU
		{D854B67F-2A69-4B89-A003-88DDE165F507}.Release|Any CPU.Build.0 = Release|Any CPU
		{D854B67F-2A69-4B89-A003-88DDE165F507}.Release|Any CPU.Deploy.0 = Release|Any CPU
		{D854B67F-2A69-4B89-A003-88DDE165F507}.Release|iPhone.ActiveCfg = Release|Any CPU
		{D854B67F-2A69-4B89-A003-88DDE165F507}.Release|iPhone.Build.0 = Release|Any CPU
		{D854B67F-2A69-4B89-A003-88DDE165F507}.Release|iPhone.Deploy.0 = Release|Any CPU
		{D854B67F-2A69-4B89-A003-88DDE165F507}.Release|iPhoneSimulator.ActiveCfg = Release|Any CPU
		{D854B67F-2A69-4B89-A003-88DDE165F507}.Release|iPhoneSimulator.Build.0 = Release|Any CPU
		{D854B67F-2A69-4B89-A003-88DDE165F507}.Release|iPhoneSimulator.Deploy.0 = Release|Any CPU
		{53AA66ED-8873-44AE-A54A-C00269F95BF1}.Ad-Hoc|Any CPU.ActiveCfg = Ad-Hoc|iPhone
		{53AA66ED-8873-44AE-A54A-C00269F95BF1}.Ad-Hoc|iPhone.ActiveCfg = Ad-Hoc|iPhone
		{53AA66ED-8873-44AE-A54A-C00269F95BF1}.Ad-Hoc|iPhone.Build.0 = Ad-Hoc|iPhone
		{53AA66ED-8873-44AE-A54A-C00269F95BF1}.Ad-Hoc|iPhoneSimulator.ActiveCfg = Ad-Hoc|iPhoneSimulator
		{53AA66ED-8873-44AE-A54A-C00269F95BF1}.Ad-Hoc|iPhoneSimulator.Build.0 = Ad-Hoc|iPhoneSimulator
		{53AA66ED-8873-44AE-A54A-C00269F95BF1}.AppStore|Any CPU.ActiveCfg = AppStore|iPhone
		{53AA66ED-8873-44AE-A54A-C00269F95BF1}.AppStore|iPhone.ActiveCfg = AppStore|iPhone
		{53AA66ED-8873-44AE-A54A-C00269F95BF1}.AppStore|iPhone.Build.0 = AppStore|iPhone
		{53AA66ED-8873-44AE-A54A-C00269F95BF1}.AppStore|iPhoneSimulator.ActiveCfg = AppStore|iPhoneSimulator
		{53AA66ED-8873-44AE-A54A-C00269F95BF1}.AppStore|iPhoneSimulator.Build.0 = AppStore|iPhoneSimulator
		{53AA66ED-8873-44AE-A54A-C00269F95BF1}.Debug|Any CPU.ActiveCfg = Debug|iPhone
		{53AA66ED-8873-44AE-A54A-C00269F95BF1}.Debug|iPhone.ActiveCfg = Debug|iPhone
		{53AA66ED-8873-44AE-A54A-C00269F95BF1}.Debug|iPhone.Build.0 = Debug|iPhone
		{53AA66ED-8873-44AE-A54A-C00269F95BF1}.Debug|iPhoneSimulator.ActiveCfg = Debug|iPhoneSimulator
		{53AA66ED-8873-44AE-A54A-C00269F95BF1}.Debug|iPhoneSimulator.Build.0 = Debug|iPhoneSimulator
		{53AA66ED-8873-44AE-A54A-C00269F95BF1}.Release|Any CPU.ActiveCfg = Release|iPhone
		{53AA66ED-8873-44AE-A54A-C00269F95BF1}.Release|iPhone.ActiveCfg = Release|iPhone
		{53AA66ED-8873-44AE-A54A-C00269F95BF1}.Release|iPhone.Build.0 = Release|iPhone
		{53AA66ED-8873-44AE-A54A-C00269F95BF1}.Release|iPhoneSimulator.ActiveCfg = Release|iPhoneSimulator
		{53AA66ED-8873-44AE-A54A-C00269F95BF1}.Release|iPhoneSimulator.Build.0 = Release|iPhoneSimulator
	EndGlobalSection
	GlobalSection(SolutionProperties) = preSolution
		HideSolutionNode = FALSE
	EndGlobalSection
EndGlobal
